
Microsoft Visual Studio Solution File, Format Version 12.00
# Visual Studio Version 17
VisualStudioVersion = 17.5.33414.496
MinimumVisualStudioVersion = 10.0.40219.1
Project("{FAE04EC0-301F-11D3-BF4B-00C04F79EFBC}") = "EcommerceProject", "EcommerceProject\EcommerceProject.csproj", "{D1382A73-6BD2-41F9-A5DD-A9E2A286246E}"
EndProject
Global
	GlobalSection(SolutionConfigurationPlatforms) = preSolution
		Debug|Any CPU = Debug|Any CPU
		Release|Any CPU = Release|Any CPU
	EndGlobalSection
	GlobalSection(ProjectConfigurationPlatforms) = postSolution
		{D1382A73-6BD2-41F9-A5DD-A9E2A286246E}.Debug|Any CPU.ActiveCfg = Debug|Any CPU
		{D1382A73-6BD2-41F9-A5DD-A9E2A286246E}.Debug|Any CPU.Build.0 = Debug|Any CPU
		{D1382A73-6BD2-41F9-A5DD-A9E2A286246E}.Release|Any CPU.ActiveCfg = Release|Any CPU
		{D1382A73-6BD2-41F9-A5DD-A9E2A286246E}.Release|Any CPU.Build.0 = Release|Any CPU
	EndGlobalSection
	GlobalSection(SolutionProperties) = preSolution
		HideSolutionNode = FALSE
	EndGlobalSection
	GlobalSection(ExtensibilityGlobals) = postSolution
		SolutionGuid = {3FE1D00B-A86B-41F8-82DD-6A374C70C198}
	EndGlobalSection
EndGlobal
